
Microsoft Visual Studio Solution File, Format Version 12.00
# Visual Studio Version 17
VisualStudioVersion = 17.6.33829.357
MinimumVisualStudioVersion = 10.0.40219.1
Project("{FAE04EC0-301F-11D3-BF4B-00C04F79EFBC}") = "Clase10Queue", "Clase10Queue\Clase10Queue.csproj", "{EC42C7D4-CC93-4372-BDF1-35686BEFCB81}"
EndProject
Global
	GlobalSection(SolutionConfigurationPlatforms) = preSolution
		Debug|Any CPU = Debug|Any CPU
		Release|Any CPU = Release|Any CPU
	EndGlobalSection
	GlobalSection(ProjectConfigurationPlatforms) = postSolution
		{EC42C7D4-CC93-4372-BDF1-35686BEFCB81}.Debug|Any CPU.ActiveCfg = Debug|Any CPU
		{EC42C7D4-CC93-4372-BDF1-35686BEFCB81}.Debug|Any CPU.Build.0 = Debug|Any CPU
		{EC42C7D4-CC93-4372-BDF1-35686BEFCB81}.Release|Any CPU.ActiveCfg = Release|Any CPU
		{EC42C7D4-CC93-4372-BDF1-35686BEFCB81}.Release|Any CPU.Build.0 = Release|Any CPU
	EndGlobalSection
	GlobalSection(SolutionProperties) = preSolution
		HideSolutionNode = FALSE
	EndGlobalSection
	GlobalSection(ExtensibilityGlobals) = postSolution
		SolutionGuid = {DFA00447-58DF-456F-A19E-75E74DBCB597}
	EndGlobalSection
EndGlobal
