
Microsoft Visual Studio Solution File, Format Version 12.00
# Visual Studio Version 17
VisualStudioVersion = 17.6.33829.357
MinimumVisualStudioVersion = 10.0.40219.1
Project("{FAE04EC0-301F-11D3-BF4B-00C04F79EFBC}") = "EjercicioMatrices2", "EjercicioMatrices2\EjercicioMatrices2.csproj", "{84D87B39-54DB-4F49-90F8-76D8184D4613}"
EndProject
Global
	GlobalSection(SolutionConfigurationPlatforms) = preSolution
		Debug|Any CPU = Debug|Any CPU
		Release|Any CPU = Release|Any CPU
	EndGlobalSection
	GlobalSection(ProjectConfigurationPlatforms) = postSolution
		{84D87B39-54DB-4F49-90F8-76D8184D4613}.Debug|Any CPU.ActiveCfg = Debug|Any CPU
		{84D87B39-54DB-4F49-90F8-76D8184D4613}.Debug|Any CPU.Build.0 = Debug|Any CPU
		{84D87B39-54DB-4F49-90F8-76D8184D4613}.Release|Any CPU.ActiveCfg = Release|Any CPU
		{84D87B39-54DB-4F49-90F8-76D8184D4613}.Release|Any CPU.Build.0 = Release|Any CPU
	EndGlobalSection
	GlobalSection(SolutionProperties) = preSolution
		HideSolutionNode = FALSE
	EndGlobalSection
	GlobalSection(ExtensibilityGlobals) = postSolution
		SolutionGuid = {CBDDC0F9-D312-43DF-B8A0-ED5230323C32}
	EndGlobalSection
EndGlobal
